
Microsoft Visual Studio Solution File, Format Version 12.00
# Visual Studio Version 17
VisualStudioVersion = 17.7.34024.191
MinimumVisualStudioVersion = 10.0.40219.1
Project("{2150E333-8FDC-42A3-9474-1A3956D46DE8}") = "Services", "Services", "{FE02E58E-1614-4159-A3BB-C431942E5DFB}"
EndProject
Project("{2150E333-8FDC-42A3-9474-1A3956D46DE8}") = "Catalog", "Catalog", "{F4A6C021-1300-423B-92B4-EB6A3B3D6A0A}"
EndProject
Project("{9A19103F-16F7-4668-BE54-9A1E7A4F7556}") = "FreeCourse.Services.Catalog", "Services\Catalog\FreeCourse.Services.Catalog\FreeCourse.Services.Catalog.csproj", "{A9C7977A-8288-4547-A324-6258E8A63533}"
EndProject
Project("{2150E333-8FDC-42A3-9474-1A3956D46DE8}") = "Solution Items", "Solution Items", "{C5ADE199-0CE6-409C-880D-E700F0981BC2}"
	ProjectSection(SolutionItems) = preProject
		Ports.txt = Ports.txt
	EndProjectSection
EndProject
Project("{2150E333-8FDC-42A3-9474-1A3956D46DE8}") = "Shared", "Shared", "{BF06027A-0121-4947-97D1-3AE00FD8FC31}"
EndProject
Project("{9A19103F-16F7-4668-BE54-9A1E7A4F7556}") = "FreeCourse.Shared", "Shared\FreeCourse.Shared\FreeCourse.Shared.csproj", "{985E29FB-618D-450A-AEA0-6287C4E21DC5}"
EndProject
Project("{2150E333-8FDC-42A3-9474-1A3956D46DE8}") = "IdentityServer", "IdentityServer", "{1EC47972-F170-42B0-8982-E388151F01CC}"
EndProject
Project("{9A19103F-16F7-4668-BE54-9A1E7A4F7556}") = "FreeCouse.IdentityServer", "IdentityServer\FreeCouse.IdentityServer\FreeCouse.IdentityServer.csproj", "{1ACADFB9-3138-4B73-95BF-810673C9B89F}"
EndProject
Project("{2150E333-8FDC-42A3-9474-1A3956D46DE8}") = "PhotoStock", "PhotoStock", "{A191745F-6E78-453C-9439-411E17667D67}"
EndProject
Project("{9A19103F-16F7-4668-BE54-9A1E7A4F7556}") = "FreeCourse.Services.PhotoStock", "Services\PhotoStock\FreeCourse.Services.PhotoStock\FreeCourse.Services.PhotoStock.csproj", "{3F61D681-183B-466B-AAD8-0E87152CCF22}"
EndProject
Project("{2150E333-8FDC-42A3-9474-1A3956D46DE8}") = "Basket", "Basket", "{BED26FB5-64CC-4841-A62A-0F8B4DB8508D}"
EndProject
Project("{9A19103F-16F7-4668-BE54-9A1E7A4F7556}") = "FreeCourse.Services.Basket", "Services\Basket\FreeCourse.Services.Basket\FreeCourse.Services.Basket.csproj", "{8A9AE293-9C4D-4939-9196-B4B154225004}"
EndProject
Project("{2150E333-8FDC-42A3-9474-1A3956D46DE8}") = "Discount", "Discount", "{89EB384C-F19B-4146-99C9-ED8CA7F1ABE0}"
EndProject
Project("{FAE04EC0-301F-11D3-BF4B-00C04F79EFBC}") = "FreeCourse.Services.Discount", "Services\Discount\FreeCourse.Services.Discount\FreeCourse.Services.Discount.csproj", "{1304FDDF-54EB-44F5-AEA9-0934D22C6E63}"
EndProject
Global
	GlobalSection(SolutionConfigurationPlatforms) = preSolution
		Debug|Any CPU = Debug|Any CPU
		Release|Any CPU = Release|Any CPU
	EndGlobalSection
	GlobalSection(ProjectConfigurationPlatforms) = postSolution
		{A9C7977A-8288-4547-A324-6258E8A63533}.Debug|Any CPU.ActiveCfg = Debug|Any CPU
		{A9C7977A-8288-4547-A324-6258E8A63533}.Debug|Any CPU.Build.0 = Debug|Any CPU
		{A9C7977A-8288-4547-A324-6258E8A63533}.Release|Any CPU.ActiveCfg = Release|Any CPU
		{A9C7977A-8288-4547-A324-6258E8A63533}.Release|Any CPU.Build.0 = Release|Any CPU
		{985E29FB-618D-450A-AEA0-6287C4E21DC5}.Debug|Any CPU.ActiveCfg = Debug|Any CPU
		{985E29FB-618D-450A-AEA0-6287C4E21DC5}.Debug|Any CPU.Build.0 = Debug|Any CPU
		{985E29FB-618D-450A-AEA0-6287C4E21DC5}.Release|Any CPU.ActiveCfg = Release|Any CPU
		{985E29FB-618D-450A-AEA0-6287C4E21DC5}.Release|Any CPU.Build.0 = Release|Any CPU
		{1ACADFB9-3138-4B73-95BF-810673C9B89F}.Debug|Any CPU.ActiveCfg = Debug|Any CPU
		{1ACADFB9-3138-4B73-95BF-810673C9B89F}.Debug|Any CPU.Build.0 = Debug|Any CPU
		{1ACADFB9-3138-4B73-95BF-810673C9B89F}.Release|Any CPU.ActiveCfg = Release|Any CPU
		{1ACADFB9-3138-4B73-95BF-810673C9B89F}.Release|Any CPU.Build.0 = Release|Any CPU
		{3F61D681-183B-466B-AAD8-0E87152CCF22}.Debug|Any CPU.ActiveCfg = Debug|Any CPU
		{3F61D681-183B-466B-AAD8-0E87152CCF22}.Debug|Any CPU.Build.0 = Debug|Any CPU
		{3F61D681-183B-466B-AAD8-0E87152CCF22}.Release|Any CPU.ActiveCfg = Release|Any CPU
		{3F61D681-183B-466B-AAD8-0E87152CCF22}.Release|Any CPU.Build.0 = Release|Any CPU
		{8A9AE293-9C4D-4939-9196-B4B154225004}.Debug|Any CPU.ActiveCfg = Debug|Any CPU
		{8A9AE293-9C4D-4939-9196-B4B154225004}.Debug|Any CPU.Build.0 = Debug|Any CPU
		{8A9AE293-9C4D-4939-9196-B4B154225004}.Release|Any CPU.ActiveCfg = Release|Any CPU
		{8A9AE293-9C4D-4939-9196-B4B154225004}.Release|Any CPU.Build.0 = Release|Any CPU
		{1304FDDF-54EB-44F5-AEA9-0934D22C6E63}.Debug|Any CPU.ActiveCfg = Debug|Any CPU
		{1304FDDF-54EB-44F5-AEA9-0934D22C6E63}.Debug|Any CPU.Build.0 = Debug|Any CPU
		{1304FDDF-54EB-44F5-AEA9-0934D22C6E63}.Release|Any CPU.ActiveCfg = Release|Any CPU
		{1304FDDF-54EB-44F5-AEA9-0934D22C6E63}.Release|Any CPU.Build.0 = Release|Any CPU
	EndGlobalSection
	GlobalSection(SolutionProperties) = preSolution
		HideSolutionNode = FALSE
	EndGlobalSection
	GlobalSection(NestedProjects) = preSolution
		{F4A6C021-1300-423B-92B4-EB6A3B3D6A0A} = {FE02E58E-1614-4159-A3BB-C431942E5DFB}
		{A9C7977A-8288-4547-A324-6258E8A63533} = {F4A6C021-1300-423B-92B4-EB6A3B3D6A0A}
		{985E29FB-618D-450A-AEA0-6287C4E21DC5} = {BF06027A-0121-4947-97D1-3AE00FD8FC31}
		{1ACADFB9-3138-4B73-95BF-810673C9B89F} = {1EC47972-F170-42B0-8982-E388151F01CC}
		{A191745F-6E78-453C-9439-411E17667D67} = {FE02E58E-1614-4159-A3BB-C431942E5DFB}
		{3F61D681-183B-466B-AAD8-0E87152CCF22} = {A191745F-6E78-453C-9439-411E17667D67}
		{BED26FB5-64CC-4841-A62A-0F8B4DB8508D} = {FE02E58E-1614-4159-A3BB-C431942E5DFB}
		{8A9AE293-9C4D-4939-9196-B4B154225004} = {BED26FB5-64CC-4841-A62A-0F8B4DB8508D}
		{89EB384C-F19B-4146-99C9-ED8CA7F1ABE0} = {FE02E58E-1614-4159-A3BB-C431942E5DFB}
		{1304FDDF-54EB-44F5-AEA9-0934D22C6E63} = {89EB384C-F19B-4146-99C9-ED8CA7F1ABE0}
	EndGlobalSection
	GlobalSection(ExtensibilityGlobals) = postSolution
		SolutionGuid = {48181E56-F5B4-43D3-814A-57409185820A}
	EndGlobalSection
EndGlobal
